
Microsoft Visual Studio Solution File, Format Version 12.00
# Visual Studio Version 16
VisualStudioVersion = 16.0.30717.126
MinimumVisualStudioVersion = 10.0.40219.1
Project("{9A19103F-16F7-4668-BE54-9A1E7A4F7556}") = "QDMarketPlace.WebApp", "QDMarketPlace.WebApp\QDMarketPlace.WebApp.csproj", "{578C04AE-358E-4082-900B-DE0C52BEE98A}"
EndProject
Project("{9A19103F-16F7-4668-BE54-9A1E7A4F7556}") = "QDMarketPlace.Data", "QDMarketPlace.Data\QDMarketPlace.Data.csproj", "{33A9BD58-A248-4D65-BF27-A7F34099243C}"
EndProject
Project("{9A19103F-16F7-4668-BE54-9A1E7A4F7556}") = "QDMarketPlace.Application", "QDMarketPlace.Application\QDMarketPlace.Application.csproj", "{B8371D44-AC51-4C3C-8385-C4FAD1753096}"
EndProject
Project("{9A19103F-16F7-4668-BE54-9A1E7A4F7556}") = "QDMarketPlace.BackendApi", "QDMarketPlace.BackendApi\QDMarketPlace.BackendApi.csproj", "{49625130-0AF9-4691-BAC6-21520D610245}"
EndProject
Project("{9A19103F-16F7-4668-BE54-9A1E7A4F7556}") = "QDMarketPlace.Utilities", "QDMarketPlace.Utilities\QDMarketPlace.Utilities.csproj", "{CA65BADA-FCAB-40C0-948C-C84C83311A90}"
EndProject
Project("{FAE04EC0-301F-11D3-BF4B-00C04F79EFBC}") = "QDMarketPlace.ViewModels", "QDMarketPlace.ViewModels\QDMarketPlace.ViewModels.csproj", "{F63162A0-D3B4-49CA-AEC2-4A1C6373118E}"
EndProject
Global
	GlobalSection(SolutionConfigurationPlatforms) = preSolution
		Debug|Any CPU = Debug|Any CPU
		Release|Any CPU = Release|Any CPU
	EndGlobalSection
	GlobalSection(ProjectConfigurationPlatforms) = postSolution
		{578C04AE-358E-4082-900B-DE0C52BEE98A}.Debug|Any CPU.ActiveCfg = Debug|Any CPU
		{578C04AE-358E-4082-900B-DE0C52BEE98A}.Debug|Any CPU.Build.0 = Debug|Any CPU
		{578C04AE-358E-4082-900B-DE0C52BEE98A}.Release|Any CPU.ActiveCfg = Release|Any CPU
		{578C04AE-358E-4082-900B-DE0C52BEE98A}.Release|Any CPU.Build.0 = Release|Any CPU
		{33A9BD58-A248-4D65-BF27-A7F34099243C}.Debug|Any CPU.ActiveCfg = Debug|Any CPU
		{33A9BD58-A248-4D65-BF27-A7F34099243C}.Debug|Any CPU.Build.0 = Debug|Any CPU
		{33A9BD58-A248-4D65-BF27-A7F34099243C}.Release|Any CPU.ActiveCfg = Release|Any CPU
		{33A9BD58-A248-4D65-BF27-A7F34099243C}.Release|Any CPU.Build.0 = Release|Any CPU
		{B8371D44-AC51-4C3C-8385-C4FAD1753096}.Debug|Any CPU.ActiveCfg = Debug|Any CPU
		{B8371D44-AC51-4C3C-8385-C4FAD1753096}.Debug|Any CPU.Build.0 = Debug|Any CPU
		{B8371D44-AC51-4C3C-8385-C4FAD1753096}.Release|Any CPU.ActiveCfg = Release|Any CPU
		{B8371D44-AC51-4C3C-8385-C4FAD1753096}.Release|Any CPU.Build.0 = Release|Any CPU
		{49625130-0AF9-4691-BAC6-21520D610245}.Debug|Any CPU.ActiveCfg = Debug|Any CPU
		{49625130-0AF9-4691-BAC6-21520D610245}.Debug|Any CPU.Build.0 = Debug|Any CPU
		{49625130-0AF9-4691-BAC6-21520D610245}.Release|Any CPU.ActiveCfg = Release|Any CPU
		{49625130-0AF9-4691-BAC6-21520D610245}.Release|Any CPU.Build.0 = Release|Any CPU
		{CA65BADA-FCAB-40C0-948C-C84C83311A90}.Debug|Any CPU.ActiveCfg = Debug|Any CPU
		{CA65BADA-FCAB-40C0-948C-C84C83311A90}.Debug|Any CPU.Build.0 = Debug|Any CPU
		{CA65BADA-FCAB-40C0-948C-C84C83311A90}.Release|Any CPU.ActiveCfg = Release|Any CPU
		{CA65BADA-FCAB-40C0-948C-C84C83311A90}.Release|Any CPU.Build.0 = Release|Any CPU
		{F63162A0-D3B4-49CA-AEC2-4A1C6373118E}.Debug|Any CPU.ActiveCfg = Debug|Any CPU
		{F63162A0-D3B4-49CA-AEC2-4A1C6373118E}.Debug|Any CPU.Build.0 = Debug|Any CPU
		{F63162A0-D3B4-49CA-AEC2-4A1C6373118E}.Release|Any CPU.ActiveCfg = Release|Any CPU
		{F63162A0-D3B4-49CA-AEC2-4A1C6373118E}.Release|Any CPU.Build.0 = Release|Any CPU
	EndGlobalSection
	GlobalSection(SolutionProperties) = preSolution
		HideSolutionNode = FALSE
	EndGlobalSection
	GlobalSection(ExtensibilityGlobals) = postSolution
		SolutionGuid = {E7B6B0D1-34EE-4420-93FF-38BEF254335F}
	EndGlobalSection
EndGlobal
